<?xml version="1.0" encoding="UTF-8" standalone="yes" ?>
<CodeBlocks_project_file>
	<FileVersion major="1" minor="6" />
	<Project>
		<Option title="RealTimeGestureRecognition" />
		<Option pch_mode="2" />
		<Option compiler="gcc" />
		<Build>
			<Target title="Debug">
				<Option output="bin/Debug/RealTimeGestureRecognition" prefix_auto="1" extension_auto="1" />
				<Option object_output="obj/Debug/" />
				<Option type="1" />
				<Option compiler="gcc" />
				<Compiler>
					<Add option="-g" />
				</Compiler>
			</Target>
			<Target title="Release">
				<Option output="bin/Release/RealTimeGestureRecognition" prefix_auto="1" extension_auto="1" />
				<Option object_output="obj/Release/" />
				<Option type="1" />
				<Option compiler="gcc" />
				<Compiler>
					<Add option="-O2" />
				</Compiler>
				<Linker>
					<Add option="-s" />
				</Linker>
			</Target>
		</Build>
		<Compiler>
			<Add option="-Wall" />
		</Compiler>
		<Unit filename="DataCalibrator.c">
			<Option compilerVar="CC" />
		</Unit>
		<Unit filename="DataCalibrator.h" />
		<Unit filename="DataNode.c">
			<Option compilerVar="CC" />
		</Unit>
		<Unit filename="DataNode.h" />
		<Unit filename="FileUtil.c">
			<Option compilerVar="CC" />
		</Unit>
		<Unit filename="FileUtil.h" />
		<Unit filename="GSLMatrixs.c">
			<Option compilerVar="CC" />
		</Unit>
		<Unit filename="GSLMatrixs.h" />
		<Unit filename="PktParser.c">
			<Option compilerVar="CC" />
		</Unit>
		<Unit filename="PktParser.h" />
		<Unit filename="RealTimeGestureRecognition.cbp" />
		<Unit filename="SPRING.c">
			<Option compilerVar="CC" />
		</Unit>
		<Unit filename="SPRING.h" />
		<Unit filename="SerialPort.c">
			<Option compilerVar="CC" />
		</Unit>
		<Unit filename="SerialPort.h" />
		<Unit filename="TestData.h" />
		<Unit filename="main.c">
			<Option compilerVar="CC" />
		</Unit>
		<Unit filename="recognition.c">
			<Option compilerVar="CC" />
		</Unit>
		<Unit filename="recognition.h" />
		<Extensions>
			<code_completion />
			<envvars />
			<debugger />
		</Extensions>
	</Project>
</CodeBlocks_project_file>
